
Microsoft Visual Studio Solution File, Format Version 12.00
# Visual Studio 15
VisualStudioVersion = 15.0.27004.2009
MinimumVisualStudioVersion = 10.0.40219.1
Project("{FAE04EC0-301F-11D3-BF4B-00C04F79EFBC}") = "sandBox", "sandBox\sandBox.csproj", "{45822DEC-3916-47F1-9428-DB44A5B94D2C}"
EndProject
Project("{FAE04EC0-301F-11D3-BF4B-00C04F79EFBC}") = "Lesson1", "Lesson1\Lesson1.csproj", "{5DBD428C-B830-4CC5-B40A-B79BD80D3043}"
EndProject
Project("{FAE04EC0-301F-11D3-BF4B-00C04F79EFBC}") = "Lesson2", "Lesson2\Lesson2\Lesson2.csproj", "{9DCC9316-5A1D-4A73-BBA6-AE9FC865A00A}"
EndProject
Project("{FAE04EC0-301F-11D3-BF4B-00C04F79EFBC}") = "Lesson5_1", "Lesson5_1\Lesson5_1.csproj", "{898C2093-63B7-48D7-8091-EEFEDC943855}"
EndProject
Project("{FAE04EC0-301F-11D3-BF4B-00C04F79EFBC}") = "Lesson5_2", "Lesson5_2\Lesson5_2.csproj", "{37FC8524-9E40-4CFE-AEA5-F27641B929FC}"
EndProject
Global
	GlobalSection(SolutionConfigurationPlatforms) = preSolution
		Debug|Any CPU = Debug|Any CPU
		Release|Any CPU = Release|Any CPU
	EndGlobalSection
	GlobalSection(ProjectConfigurationPlatforms) = postSolution
		{45822DEC-3916-47F1-9428-DB44A5B94D2C}.Debug|Any CPU.ActiveCfg = Debug|Any CPU
		{45822DEC-3916-47F1-9428-DB44A5B94D2C}.Debug|Any CPU.Build.0 = Debug|Any CPU
		{45822DEC-3916-47F1-9428-DB44A5B94D2C}.Release|Any CPU.ActiveCfg = Release|Any CPU
		{45822DEC-3916-47F1-9428-DB44A5B94D2C}.Release|Any CPU.Build.0 = Release|Any CPU
		{5DBD428C-B830-4CC5-B40A-B79BD80D3043}.Debug|Any CPU.ActiveCfg = Debug|Any CPU
		{5DBD428C-B830-4CC5-B40A-B79BD80D3043}.Debug|Any CPU.Build.0 = Debug|Any CPU
		{5DBD428C-B830-4CC5-B40A-B79BD80D3043}.Release|Any CPU.ActiveCfg = Release|Any CPU
		{5DBD428C-B830-4CC5-B40A-B79BD80D3043}.Release|Any CPU.Build.0 = Release|Any CPU
		{9DCC9316-5A1D-4A73-BBA6-AE9FC865A00A}.Debug|Any CPU.ActiveCfg = Debug|Any CPU
		{9DCC9316-5A1D-4A73-BBA6-AE9FC865A00A}.Debug|Any CPU.Build.0 = Debug|Any CPU
		{9DCC9316-5A1D-4A73-BBA6-AE9FC865A00A}.Release|Any CPU.ActiveCfg = Release|Any CPU
		{9DCC9316-5A1D-4A73-BBA6-AE9FC865A00A}.Release|Any CPU.Build.0 = Release|Any CPU
		{898C2093-63B7-48D7-8091-EEFEDC943855}.Debug|Any CPU.ActiveCfg = Debug|Any CPU
		{898C2093-63B7-48D7-8091-EEFEDC943855}.Debug|Any CPU.Build.0 = Debug|Any CPU
		{898C2093-63B7-48D7-8091-EEFEDC943855}.Release|Any CPU.ActiveCfg = Release|Any CPU
		{898C2093-63B7-48D7-8091-EEFEDC943855}.Release|Any CPU.Build.0 = Release|Any CPU
		{37FC8524-9E40-4CFE-AEA5-F27641B929FC}.Debug|Any CPU.ActiveCfg = Debug|Any CPU
		{37FC8524-9E40-4CFE-AEA5-F27641B929FC}.Debug|Any CPU.Build.0 = Debug|Any CPU
		{37FC8524-9E40-4CFE-AEA5-F27641B929FC}.Release|Any CPU.ActiveCfg = Release|Any CPU
		{37FC8524-9E40-4CFE-AEA5-F27641B929FC}.Release|Any CPU.Build.0 = Release|Any CPU
	EndGlobalSection
	GlobalSection(SolutionProperties) = preSolution
		HideSolutionNode = FALSE
	EndGlobalSection
	GlobalSection(ExtensibilityGlobals) = postSolution
		SolutionGuid = {46215DA1-1034-424B-82DC-92521951BEC4}
	EndGlobalSection
EndGlobal
